
Microsoft Visual Studio Solution File, Format Version 12.00
# Visual Studio Version 16
VisualStudioVersion = 16.0.30114.105
MinimumVisualStudioVersion = 10.0.40219.1
Project("{2150E333-8FDC-42A3-9474-1A3956D46DE8}") = "src", "src", "{2C285C0F-E320-4A48-BAFF-300A14B6C255}"
EndProject
Project("{FAE04EC0-301F-11D3-BF4B-00C04F79EFBC}") = "Web", "src\Web\Web.csproj", "{A17E2DB5-5BA0-4947-A854-9E4F71D90E33}"
EndProject
Project("{FAE04EC0-301F-11D3-BF4B-00C04F79EFBC}") = "Application", "src\Application\Application.csproj", "{DBB0D214-7D43-44F9-B4DA-93F488C39C61}"
EndProject
Project("{2150E333-8FDC-42A3-9474-1A3956D46DE8}") = "tests", "tests", "{422B561D-BBBD-4783-AABE-42B05073BDC6}"
EndProject
Project("{FAE04EC0-301F-11D3-BF4B-00C04F79EFBC}") = "Application.UnitTests", "tests\Application.UnitTests\Application.UnitTests.csproj", "{B0B42F02-E24E-44D2-B375-17C2E171EDDF}"
EndProject
Project("{FAE04EC0-301F-11D3-BF4B-00C04F79EFBC}") = "Domain", "src\Domain\Domain.csproj", "{C603EA66-0973-424A-9CCD-1AC98A97EEB8}"
EndProject
Project("{FAE04EC0-301F-11D3-BF4B-00C04F79EFBC}") = "Infrastructure", "src\Infrastructure\Infrastructure.csproj", "{AA4CDC44-FDB5-4877-BDBB-55A15BAE3A95}"
EndProject
Global
	GlobalSection(SolutionConfigurationPlatforms) = preSolution
		Debug|Any CPU = Debug|Any CPU
		Debug|x64 = Debug|x64
		Debug|x86 = Debug|x86
		Release|Any CPU = Release|Any CPU
		Release|x64 = Release|x64
		Release|x86 = Release|x86
	EndGlobalSection
	GlobalSection(SolutionProperties) = preSolution
		HideSolutionNode = FALSE
	EndGlobalSection
	GlobalSection(ProjectConfigurationPlatforms) = postSolution
		{A17E2DB5-5BA0-4947-A854-9E4F71D90E33}.Debug|Any CPU.ActiveCfg = Debug|Any CPU
		{A17E2DB5-5BA0-4947-A854-9E4F71D90E33}.Debug|Any CPU.Build.0 = Debug|Any CPU
		{A17E2DB5-5BA0-4947-A854-9E4F71D90E33}.Debug|x64.ActiveCfg = Debug|Any CPU
		{A17E2DB5-5BA0-4947-A854-9E4F71D90E33}.Debug|x64.Build.0 = Debug|Any CPU
		{A17E2DB5-5BA0-4947-A854-9E4F71D90E33}.Debug|x86.ActiveCfg = Debug|Any CPU
		{A17E2DB5-5BA0-4947-A854-9E4F71D90E33}.Debug|x86.Build.0 = Debug|Any CPU
		{A17E2DB5-5BA0-4947-A854-9E4F71D90E33}.Release|Any CPU.ActiveCfg = Release|Any CPU
		{A17E2DB5-5BA0-4947-A854-9E4F71D90E33}.Release|Any CPU.Build.0 = Release|Any CPU
		{A17E2DB5-5BA0-4947-A854-9E4F71D90E33}.Release|x64.ActiveCfg = Release|Any CPU
		{A17E2DB5-5BA0-4947-A854-9E4F71D90E33}.Release|x64.Build.0 = Release|Any CPU
		{A17E2DB5-5BA0-4947-A854-9E4F71D90E33}.Release|x86.ActiveCfg = Release|Any CPU
		{A17E2DB5-5BA0-4947-A854-9E4F71D90E33}.Release|x86.Build.0 = Release|Any CPU
		{DBB0D214-7D43-44F9-B4DA-93F488C39C61}.Debug|Any CPU.ActiveCfg = Debug|Any CPU
		{DBB0D214-7D43-44F9-B4DA-93F488C39C61}.Debug|Any CPU.Build.0 = Debug|Any CPU
		{DBB0D214-7D43-44F9-B4DA-93F488C39C61}.Debug|x64.ActiveCfg = Debug|Any CPU
		{DBB0D214-7D43-44F9-B4DA-93F488C39C61}.Debug|x64.Build.0 = Debug|Any CPU
		{DBB0D214-7D43-44F9-B4DA-93F488C39C61}.Debug|x86.ActiveCfg = Debug|Any CPU
		{DBB0D214-7D43-44F9-B4DA-93F488C39C61}.Debug|x86.Build.0 = Debug|Any CPU
		{DBB0D214-7D43-44F9-B4DA-93F488C39C61}.Release|Any CPU.ActiveCfg = Release|Any CPU
		{DBB0D214-7D43-44F9-B4DA-93F488C39C61}.Release|Any CPU.Build.0 = Release|Any CPU
		{DBB0D214-7D43-44F9-B4DA-93F488C39C61}.Release|x64.ActiveCfg = Release|Any CPU
		{DBB0D214-7D43-44F9-B4DA-93F488C39C61}.Release|x64.Build.0 = Release|Any CPU
		{DBB0D214-7D43-44F9-B4DA-93F488C39C61}.Release|x86.ActiveCfg = Release|Any CPU
		{DBB0D214-7D43-44F9-B4DA-93F488C39C61}.Release|x86.Build.0 = Release|Any CPU
		{B0B42F02-E24E-44D2-B375-17C2E171EDDF}.Debug|Any CPU.ActiveCfg = Debug|Any CPU
		{B0B42F02-E24E-44D2-B375-17C2E171EDDF}.Debug|Any CPU.Build.0 = Debug|Any CPU
		{B0B42F02-E24E-44D2-B375-17C2E171EDDF}.Debug|x64.ActiveCfg = Debug|Any CPU
		{B0B42F02-E24E-44D2-B375-17C2E171EDDF}.Debug|x64.Build.0 = Debug|Any CPU
		{B0B42F02-E24E-44D2-B375-17C2E171EDDF}.Debug|x86.ActiveCfg = Debug|Any CPU
		{B0B42F02-E24E-44D2-B375-17C2E171EDDF}.Debug|x86.Build.0 = Debug|Any CPU
		{B0B42F02-E24E-44D2-B375-17C2E171EDDF}.Release|Any CPU.ActiveCfg = Release|Any CPU
		{B0B42F02-E24E-44D2-B375-17C2E171EDDF}.Release|Any CPU.Build.0 = Release|Any CPU
		{B0B42F02-E24E-44D2-B375-17C2E171EDDF}.Release|x64.ActiveCfg = Release|Any CPU
		{B0B42F02-E24E-44D2-B375-17C2E171EDDF}.Release|x64.Build.0 = Release|Any CPU
		{B0B42F02-E24E-44D2-B375-17C2E171EDDF}.Release|x86.ActiveCfg = Release|Any CPU
		{B0B42F02-E24E-44D2-B375-17C2E171EDDF}.Release|x86.Build.0 = Release|Any CPU
		{C603EA66-0973-424A-9CCD-1AC98A97EEB8}.Debug|Any CPU.ActiveCfg = Debug|Any CPU
		{C603EA66-0973-424A-9CCD-1AC98A97EEB8}.Debug|Any CPU.Build.0 = Debug|Any CPU
		{C603EA66-0973-424A-9CCD-1AC98A97EEB8}.Debug|x64.ActiveCfg = Debug|Any CPU
		{C603EA66-0973-424A-9CCD-1AC98A97EEB8}.Debug|x64.Build.0 = Debug|Any CPU
		{C603EA66-0973-424A-9CCD-1AC98A97EEB8}.Debug|x86.ActiveCfg = Debug|Any CPU
		{C603EA66-0973-424A-9CCD-1AC98A97EEB8}.Debug|x86.Build.0 = Debug|Any CPU
		{C603EA66-0973-424A-9CCD-1AC98A97EEB8}.Release|Any CPU.ActiveCfg = Release|Any CPU
		{C603EA66-0973-424A-9CCD-1AC98A97EEB8}.Release|Any CPU.Build.0 = Release|Any CPU
		{C603EA66-0973-424A-9CCD-1AC98A97EEB8}.Release|x64.ActiveCfg = Release|Any CPU
		{C603EA66-0973-424A-9CCD-1AC98A97EEB8}.Release|x64.Build.0 = Release|Any CPU
		{C603EA66-0973-424A-9CCD-1AC98A97EEB8}.Release|x86.ActiveCfg = Release|Any CPU
		{C603EA66-0973-424A-9CCD-1AC98A97EEB8}.Release|x86.Build.0 = Release|Any CPU
		{AA4CDC44-FDB5-4877-BDBB-55A15BAE3A95}.Debug|Any CPU.ActiveCfg = Debug|Any CPU
		{AA4CDC44-FDB5-4877-BDBB-55A15BAE3A95}.Debug|Any CPU.Build.0 = Debug|Any CPU
		{AA4CDC44-FDB5-4877-BDBB-55A15BAE3A95}.Debug|x64.ActiveCfg = Debug|Any CPU
		{AA4CDC44-FDB5-4877-BDBB-55A15BAE3A95}.Debug|x64.Build.0 = Debug|Any CPU
		{AA4CDC44-FDB5-4877-BDBB-55A15BAE3A95}.Debug|x86.ActiveCfg = Debug|Any CPU
		{AA4CDC44-FDB5-4877-BDBB-55A15BAE3A95}.Debug|x86.Build.0 = Debug|Any CPU
		{AA4CDC44-FDB5-4877-BDBB-55A15BAE3A95}.Release|Any CPU.ActiveCfg = Release|Any CPU
		{AA4CDC44-FDB5-4877-BDBB-55A15BAE3A95}.Release|Any CPU.Build.0 = Release|Any CPU
		{AA4CDC44-FDB5-4877-BDBB-55A15BAE3A95}.Release|x64.ActiveCfg = Release|Any CPU
		{AA4CDC44-FDB5-4877-BDBB-55A15BAE3A95}.Release|x64.Build.0 = Release|Any CPU
		{AA4CDC44-FDB5-4877-BDBB-55A15BAE3A95}.Release|x86.ActiveCfg = Release|Any CPU
		{AA4CDC44-FDB5-4877-BDBB-55A15BAE3A95}.Release|x86.Build.0 = Release|Any CPU
	EndGlobalSection
	GlobalSection(NestedProjects) = preSolution
		{A17E2DB5-5BA0-4947-A854-9E4F71D90E33} = {2C285C0F-E320-4A48-BAFF-300A14B6C255}
		{DBB0D214-7D43-44F9-B4DA-93F488C39C61} = {2C285C0F-E320-4A48-BAFF-300A14B6C255}
		{B0B42F02-E24E-44D2-B375-17C2E171EDDF} = {422B561D-BBBD-4783-AABE-42B05073BDC6}
		{C603EA66-0973-424A-9CCD-1AC98A97EEB8} = {2C285C0F-E320-4A48-BAFF-300A14B6C255}
		{AA4CDC44-FDB5-4877-BDBB-55A15BAE3A95} = {2C285C0F-E320-4A48-BAFF-300A14B6C255}
	EndGlobalSection
EndGlobal
